
Microsoft Visual Studio Solution File, Format Version 12.00
# Visual Studio Version 17
VisualStudioVersion = 17.8.34511.84
MinimumVisualStudioVersion = 10.0.40219.1
Project("{9A19103F-16F7-4668-BE54-9A1E7A4F7556}") = "ProjetoCountriesAPI", "ProjetoCountriesAPI\ProjetoCountriesAPI.csproj", "{0D5B11A6-88B7-4F0B-9365-C5C42D9FB1C4}"
EndProject
Project("{9A19103F-16F7-4668-BE54-9A1E7A4F7556}") = "ClassLibrary", "ClassLibrary\ClassLibrary.csproj", "{FD056504-9771-4FCA-9371-93AC7EDBC698}"
EndProject
Global
	GlobalSection(SolutionConfigurationPlatforms) = preSolution
		Debug|Any CPU = Debug|Any CPU
		Release|Any CPU = Release|Any CPU
	EndGlobalSection
	GlobalSection(ProjectConfigurationPlatforms) = postSolution
		{0D5B11A6-88B7-4F0B-9365-C5C42D9FB1C4}.Debug|Any CPU.ActiveCfg = Debug|Any CPU
		{0D5B11A6-88B7-4F0B-9365-C5C42D9FB1C4}.Debug|Any CPU.Build.0 = Debug|Any CPU
		{0D5B11A6-88B7-4F0B-9365-C5C42D9FB1C4}.Release|Any CPU.ActiveCfg = Release|Any CPU
		{0D5B11A6-88B7-4F0B-9365-C5C42D9FB1C4}.Release|Any CPU.Build.0 = Release|Any CPU
		{FD056504-9771-4FCA-9371-93AC7EDBC698}.Debug|Any CPU.ActiveCfg = Debug|Any CPU
		{FD056504-9771-4FCA-9371-93AC7EDBC698}.Debug|Any CPU.Build.0 = Debug|Any CPU
		{FD056504-9771-4FCA-9371-93AC7EDBC698}.Release|Any CPU.ActiveCfg = Release|Any CPU
		{FD056504-9771-4FCA-9371-93AC7EDBC698}.Release|Any CPU.Build.0 = Release|Any CPU
	EndGlobalSection
	GlobalSection(SolutionProperties) = preSolution
		HideSolutionNode = FALSE
	EndGlobalSection
	GlobalSection(ExtensibilityGlobals) = postSolution
		SolutionGuid = {A84CC55A-88EC-4B74-BDA8-3EBAA3AD995F}
	EndGlobalSection
EndGlobal
